// !$*UTF8*$!
{
	archiveVersion = 1;
	classes = {
	};
	objectVersion = 50;
	objects = {

/* Begin PBXBuildFile section */
		484699DC20B5BBE1009364F4 /* SideMenuItem.swift in Sources */ = {isa = PBXBuildFile; fileRef = 484699DB20B5BBE1009364F4 /* SideMenuItem.swift */; };
		484699DE20B5BC05009364F4 /* SideMenuItemViewModel.swift in Sources */ = {isa = PBXBuildFile; fileRef = 484699DD20B5BC05009364F4 /* SideMenuItemViewModel.swift */; };
		484699E020B5BC29009364F4 /* SideMenuViewModel.swift in Sources */ = {isa = PBXBuildFile; fileRef = 484699DF20B5BC29009364F4 /* SideMenuViewModel.swift */; };
		484699E420B5BC9E009364F4 /* SideMenuViewControllerDelegate.swift in Sources */ = {isa = PBXBuildFile; fileRef = 484699E320B5BC9E009364F4 /* SideMenuViewControllerDelegate.swift */; };
		484699E620B5BD4F009364F4 /* EMSlideMenuViewControllerDelegate.swift in Sources */ = {isa = PBXBuildFile; fileRef = 484699E520B5BD4F009364F4 /* EMSlideMenuViewControllerDelegate.swift */; };
		48588E4720A779330099C7F0 /* AppDelegate.swift in Sources */ = {isa = PBXBuildFile; fileRef = 48588E4620A779330099C7F0 /* AppDelegate.swift */; };
		48588E4E20A779350099C7F0 /* Assets.xcassets in Resources */ = {isa = PBXBuildFile; fileRef = 48588E4D20A779350099C7F0 /* Assets.xcassets */; };
		48588E5120A779350099C7F0 /* LaunchScreen.storyboard in Resources */ = {isa = PBXBuildFile; fileRef = 48588E4F20A779350099C7F0 /* LaunchScreen.storyboard */; };
		48588E6C20A784220099C7F0 /* SideMenuViewController.swift in Sources */ = {isa = PBXBuildFile; fileRef = 48588E6A20A784220099C7F0 /* SideMenuViewController.swift */; };
		48588E6D20A784220099C7F0 /* SideMenuViewController.xib in Resources */ = {isa = PBXBuildFile; fileRef = 48588E6B20A784220099C7F0 /* SideMenuViewController.xib */; };
		48588E7020A7869C0099C7F0 /* CenterViewController.swift in Sources */ = {isa = PBXBuildFile; fileRef = 48588E6E20A7869C0099C7F0 /* CenterViewController.swift */; };
		48588E7120A7869C0099C7F0 /* CenterViewController.xib in Resources */ = {isa = PBXBuildFile; fileRef = 48588E6F20A7869C0099C7F0 /* CenterViewController.xib */; };
		4888002F20B3A9860089A9A5 /* EMSlideOutMenuViewController.swift in Sources */ = {isa = PBXBuildFile; fileRef = 4888002E20B3A9860089A9A5 /* EMSlideOutMenuViewController.swift */; };
		4888003520B3BD6F0089A9A5 /* UIViewController+Instance.swift in Sources */ = {isa = PBXBuildFile; fileRef = 4888003420B3BD6F0089A9A5 /* UIViewController+Instance.swift */; };
		48F5F8E620BF43BA00AC5D0D /* SideMenuViewModelDelegate.swift in Sources */ = {isa = PBXBuildFile; fileRef = 48F5F8E520BF43BA00AC5D0D /* SideMenuViewModelDelegate.swift */; };
		48F5F8E820BF43CD00AC5D0D /* SideMenuItemViewModelDataSource.swift in Sources */ = {isa = PBXBuildFile; fileRef = 48F5F8E720BF43CD00AC5D0D /* SideMenuItemViewModelDataSource.swift */; };
		48F5F8EA20BF43E100AC5D0D /* SideMenuViewModelDataSource.swift in Sources */ = {isa = PBXBuildFile; fileRef = 48F5F8E920BF43E100AC5D0D /* SideMenuViewModelDataSource.swift */; };
/* End PBXBuildFile section */

/* Begin PBXFileReference section */
		484699DB20B5BBE1009364F4 /* SideMenuItem.swift */ = {isa = PBXFileReference; lastKnownFileType = sourcecode.swift; path = SideMenuItem.swift; sourceTree = "<group>"; };
		484699DD20B5BC05009364F4 /* SideMenuItemViewModel.swift */ = {isa = PBXFileReference; lastKnownFileType = sourcecode.swift; path = SideMenuItemViewModel.swift; sourceTree = "<group>"; };
		484699DF20B5BC29009364F4 /* SideMenuViewModel.swift */ = {isa = PBXFileReference; lastKnownFileType = sourcecode.swift; path = SideMenuViewModel.swift; sourceTree = "<group>"; };
		484699E320B5BC9E009364F4 /* SideMenuViewControllerDelegate.swift */ = {isa = PBXFileReference; lastKnownFileType = sourcecode.swift; path = SideMenuViewControllerDelegate.swift; sourceTree = "<group>"; };
		484699E520B5BD4F009364F4 /* EMSlideMenuViewControllerDelegate.swift */ = {isa = PBXFileReference; lastKnownFileType = sourcecode.swift; path = EMSlideMenuViewControllerDelegate.swift; sourceTree = "<group>"; };
		48588E4320A779330099C7F0 /* EMSlideMenu.app */ = {isa = PBXFileReference; explicitFileType = wrapper.application; includeInIndex = 0; path = EMSlideMenu.app; sourceTree = BUILT_PRODUCTS_DIR; };
		48588E4620A779330099C7F0 /* AppDelegate.swift */ = {isa = PBXFileReference; lastKnownFileType = sourcecode.swift; path = AppDelegate.swift; sourceTree = "<group>"; };
		48588E4D20A779350099C7F0 /* Assets.xcassets */ = {isa = PBXFileReference; lastKnownFileType = folder.assetcatalog; path = Assets.xcassets; sourceTree = "<group>"; };
		48588E5020A779350099C7F0 /* Base */ = {isa = PBXFileReference; lastKnownFileType = file.storyboard; name = Base; path = Base.lproj/LaunchScreen.storyboard; sourceTree = "<group>"; };
		48588E6A20A784220099C7F0 /* SideMenuViewController.swift */ = {isa = PBXFileReference; lastKnownFileType = sourcecode.swift; path = SideMenuViewController.swift; sourceTree = "<group>"; };
		48588E6B20A784220099C7F0 /* SideMenuViewController.xib */ = {isa = PBXFileReference; lastKnownFileType = file.xib; path = SideMenuViewController.xib; sourceTree = "<group>"; };
		48588E6E20A7869C0099C7F0 /* CenterViewController.swift */ = {isa = PBXFileReference; lastKnownFileType = sourcecode.swift; path = CenterViewController.swift; sourceTree = "<group>"; };
		48588E6F20A7869C0099C7F0 /* CenterViewController.xib */ = {isa = PBXFileReference; lastKnownFileType = file.xib; path = CenterViewController.xib; sourceTree = "<group>"; };
		4888002E20B3A9860089A9A5 /* EMSlideOutMenuViewController.swift */ = {isa = PBXFileReference; fileEncoding = 4; lastKnownFileType = sourcecode.swift; path = EMSlideOutMenuViewController.swift; sourceTree = "<group>"; };
		4888003420B3BD6F0089A9A5 /* UIViewController+Instance.swift */ = {isa = PBXFileReference; lastKnownFileType = sourcecode.swift; path = "UIViewController+Instance.swift"; sourceTree = "<group>"; };
		4888003C20B3C0180089A9A5 /* Info.plist */ = {isa = PBXFileReference; fileEncoding = 4; lastKnownFileType = text.plist.xml; path = Info.plist; sourceTree = "<group>"; };
		48F5F8E520BF43BA00AC5D0D /* SideMenuViewModelDelegate.swift */ = {isa = PBXFileReference; lastKnownFileType = sourcecode.swift; path = SideMenuViewModelDelegate.swift; sourceTree = "<group>"; };
		48F5F8E720BF43CD00AC5D0D /* SideMenuItemViewModelDataSource.swift */ = {isa = PBXFileReference; lastKnownFileType = sourcecode.swift; path = SideMenuItemViewModelDataSource.swift; sourceTree = "<group>"; };
		48F5F8E920BF43E100AC5D0D /* SideMenuViewModelDataSource.swift */ = {isa = PBXFileReference; lastKnownFileType = sourcecode.swift; path = SideMenuViewModelDataSource.swift; sourceTree = "<group>"; };
/* End PBXFileReference section */

/* Begin PBXFrameworksBuildPhase section */
		48588E4020A779330099C7F0 /* Frameworks */ = {
			isa = PBXFrameworksBuildPhase;
			buildActionMask = 2147483647;
			files = (
			);
			runOnlyForDeploymentPostprocessing = 0;
		};
/* End PBXFrameworksBuildPhase section */

/* Begin PBXGroup section */
		484699D920B5BB8A009364F4 /* ViewModel */ = {
			isa = PBXGroup;
			children = (
				484699DD20B5BC05009364F4 /* SideMenuItemViewModel.swift */,
				484699DF20B5BC29009364F4 /* SideMenuViewModel.swift */,
			);
			path = ViewModel;
			sourceTree = "<group>";
		};
		484699DA20B5BBA1009364F4 /* Model */ = {
			isa = PBXGroup;
			children = (
				484699DB20B5BBE1009364F4 /* SideMenuItem.swift */,
			);
			path = Model;
			sourceTree = "<group>";
		};
		484699E120B5BC5C009364F4 /* Protocol */ = {
			isa = PBXGroup;
			children = (
				484699E520B5BD4F009364F4 /* EMSlideMenuViewControllerDelegate.swift */,
				48F5F8E720BF43CD00AC5D0D /* SideMenuItemViewModelDataSource.swift */,
				484699E320B5BC9E009364F4 /* SideMenuViewControllerDelegate.swift */,
				48F5F8E920BF43E100AC5D0D /* SideMenuViewModelDataSource.swift */,
				48F5F8E520BF43BA00AC5D0D /* SideMenuViewModelDelegate.swift */,
			);
			path = Protocol;
			sourceTree = "<group>";
		};
		48588E3A20A779330099C7F0 = {
			isa = PBXGroup;
			children = (
				48588E4520A779330099C7F0 /* EMSlideMenu */,
				48588E4620A779330099C7F0 /* AppDelegate.swift */,
				48588E4D20A779350099C7F0 /* Assets.xcassets */,
				4888003C20B3C0180089A9A5 /* Info.plist */,
				48588E4420A779330099C7F0 /* Products */,
			);
			sourceTree = "<group>";
		};
		48588E4420A779330099C7F0 /* Products */ = {
			isa = PBXGroup;
			children = (
				48588E4320A779330099C7F0 /* EMSlideMenu.app */,
			);
			name = Products;
			sourceTree = "<group>";
		};
		48588E4520A779330099C7F0 /* EMSlideMenu */ = {
			isa = PBXGroup;
			children = (
				484699DA20B5BBA1009364F4 /* Model */,
				4888003120B3BC9D0089A9A5 /* View */,
				484699D920B5BB8A009364F4 /* ViewModel */,
				4888003020B3BC910089A9A5 /* Controller */,
				484699E120B5BC5C009364F4 /* Protocol */,
				4888003220B3BD010089A9A5 /* Extensions+Utils */,
			);
			path = EMSlideMenu;
			sourceTree = "<group>";
		};
		4888003020B3BC910089A9A5 /* Controller */ = {
			isa = PBXGroup;
			children = (
				4888002E20B3A9860089A9A5 /* EMSlideOutMenuViewController.swift */,
				48588E6A20A784220099C7F0 /* SideMenuViewController.swift */,
				48588E6E20A7869C0099C7F0 /* CenterViewController.swift */,
			);
			path = Controller;
			sourceTree = "<group>";
		};
		4888003120B3BC9D0089A9A5 /* View */ = {
			isa = PBXGroup;
			children = (
				48588E4F20A779350099C7F0 /* LaunchScreen.storyboard */,
				48588E6B20A784220099C7F0 /* SideMenuViewController.xib */,
				48588E6F20A7869C0099C7F0 /* CenterViewController.xib */,
			);
			path = View;
			sourceTree = "<group>";
		};
		4888003220B3BD010089A9A5 /* Extensions+Utils */ = {
			isa = PBXGroup;
			children = (
				4888003420B3BD6F0089A9A5 /* UIViewController+Instance.swift */,
			);
			path = "Extensions+Utils";
			sourceTree = "<group>";
		};
/* End PBXGroup section */

/* Begin PBXNativeTarget section */
		48588E4220A779330099C7F0 /* EMSlideMenu */ = {
			isa = PBXNativeTarget;
			buildConfigurationList = 48588E6020A779350099C7F0 /* Build configuration list for PBXNativeTarget "EMSlideMenu" */;
			buildPhases = (
				48588E3F20A779330099C7F0 /* Sources */,
				48588E4020A779330099C7F0 /* Frameworks */,
				48588E4120A779330099C7F0 /* Resources */,
			);
			buildRules = (
			);
			dependencies = (
			);
			name = EMSlideMenu;
			productName = EMSlideMenu;
			productReference = 48588E4320A779330099C7F0 /* EMSlideMenu.app */;
			productType = "com.apple.product-type.application";
		};
/* End PBXNativeTarget section */

/* Begin PBXProject section */
		48588E3B20A779330099C7F0 /* Project object */ = {
			isa = PBXProject;
			attributes = {
				LastSwiftUpdateCheck = 0930;
				LastUpgradeCheck = 0930;
				ORGANIZATIONNAME = "Eduard Moya";
				TargetAttributes = {
					48588E4220A779330099C7F0 = {
						CreatedOnToolsVersion = 9.3;
					};
				};
			};
			buildConfigurationList = 48588E3E20A779330099C7F0 /* Build configuration list for PBXProject "EMSlideMenu" */;
			compatibilityVersion = "Xcode 9.3";
			developmentRegion = en;
			hasScannedForEncodings = 0;
			knownRegions = (
				en,
				Base,
			);
			mainGroup = 48588E3A20A779330099C7F0;
			productRefGroup = 48588E4420A779330099C7F0 /* Products */;
			projectDirPath = "";
			projectRoot = "";
			targets = (
				48588E4220A779330099C7F0 /* EMSlideMenu */,
			);
		};
/* End PBXProject section */

/* Begin PBXResourcesBuildPhase section */
		48588E4120A779330099C7F0 /* Resources */ = {
			isa = PBXResourcesBuildPhase;
			buildActionMask = 2147483647;
			files = (
				48588E6D20A784220099C7F0 /* SideMenuViewController.xib in Resources */,
				48588E5120A779350099C7F0 /* LaunchScreen.storyboard in Resources */,
				48588E4E20A779350099C7F0 /* Assets.xcassets in Resources */,
				48588E7120A7869C0099C7F0 /* CenterViewController.xib in Resources */,
			);
			runOnlyForDeploymentPostprocessing = 0;
		};
/* End PBXResourcesBuildPhase section */

/* Begin PBXSourcesBuildPhase section */
		48588E3F20A779330099C7F0 /* Sources */ = {
			isa = PBXSourcesBuildPhase;
			buildActionMask = 2147483647;
			files = (
				484699E420B5BC9E009364F4 /* SideMenuViewControllerDelegate.swift in Sources */,
				48F5F8E620BF43BA00AC5D0D /* SideMenuViewModelDelegate.swift in Sources */,
				48F5F8EA20BF43E100AC5D0D /* SideMenuViewModelDataSource.swift in Sources */,
				484699E020B5BC29009364F4 /* SideMenuViewModel.swift in Sources */,
				48588E6C20A784220099C7F0 /* SideMenuViewController.swift in Sources */,
				48588E4720A779330099C7F0 /* AppDelegate.swift in Sources */,
				484699DC20B5BBE1009364F4 /* SideMenuItem.swift in Sources */,
				484699DE20B5BC05009364F4 /* SideMenuItemViewModel.swift in Sources */,
				48588E7020A7869C0099C7F0 /* CenterViewController.swift in Sources */,
				48F5F8E820BF43CD00AC5D0D /* SideMenuItemViewModelDataSource.swift in Sources */,
				4888002F20B3A9860089A9A5 /* EMSlideOutMenuViewController.swift in Sources */,
				484699E620B5BD4F009364F4 /* EMSlideMenuViewControllerDelegate.swift in Sources */,
				4888003520B3BD6F0089A9A5 /* UIViewController+Instance.swift in Sources */,
			);
			runOnlyForDeploymentPostprocessing = 0;
		};
/* End PBXSourcesBuildPhase section */

/* Begin PBXVariantGroup section */
		48588E4F20A779350099C7F0 /* LaunchScreen.storyboard */ = {
			isa = PBXVariantGroup;
			children = (
				48588E5020A779350099C7F0 /* Base */,
			);
			name = LaunchScreen.storyboard;
			sourceTree = "<group>";
		};
/* End PBXVariantGroup section */

/* Begin XCBuildConfiguration section */
		48588E5E20A779350099C7F0 /* Debug */ = {
			isa = XCBuildConfiguration;
			buildSettings = {
				ALWAYS_SEARCH_USER_PATHS = NO;
				CLANG_ANALYZER_NONNULL = YES;
				CLANG_ANALYZER_NUMBER_OBJECT_CONVERSION = YES_AGGRESSIVE;
				CLANG_CXX_LANGUAGE_STANDARD = "gnu++14";
				CLANG_CXX_LIBRARY = "libc++";
				CLANG_ENABLE_MODULES = YES;
				CLANG_ENABLE_OBJC_ARC = YES;
				CLANG_ENABLE_OBJC_WEAK = YES;
				CLANG_WARN_BLOCK_CAPTURE_AUTORELEASING = YES;
				CLANG_WARN_BOOL_CONVERSION = YES;
				CLANG_WARN_COMMA = YES;
				CLANG_WARN_CONSTANT_CONVERSION = YES;
				CLANG_WARN_DEPRECATED_OBJC_IMPLEMENTATIONS = YES;
				CLANG_WARN_DIRECT_OBJC_ISA_USAGE = YES_ERROR;
				CLANG_WARN_DOCUMENTATION_COMMENTS = YES;
				CLANG_WARN_EMPTY_BODY = YES;
				CLANG_WARN_ENUM_CONVERSION = YES;
				CLANG_WARN_INFINITE_RECURSION = YES;
				CLANG_WARN_INT_CONVERSION = YES;
				CLANG_WARN_NON_LITERAL_NULL_CONVERSION = YES;
				CLANG_WARN_OBJC_IMPLICIT_RETAIN_SELF = YES;
				CLANG_WARN_OBJC_LITERAL_CONVERSION = YES;
				CLANG_WARN_OBJC_ROOT_CLASS = YES_ERROR;
				CLANG_WARN_RANGE_LOOP_ANALYSIS = YES;
				CLANG_WARN_STRICT_PROTOTYPES = YES;
				CLANG_WARN_SUSPICIOUS_MOVE = YES;
				CLANG_WARN_UNGUARDED_AVAILABILITY = YES_AGGRESSIVE;
				CLANG_WARN_UNREACHABLE_CODE = YES;
				CLANG_WARN__DUPLICATE_METHOD_MATCH = YES;
				CODE_SIGN_IDENTITY = "iPhone Developer";
				COPY_PHASE_STRIP = NO;
				DEBUG_INFORMATION_FORMAT = dwarf;
				ENABLE_STRICT_OBJC_MSGSEND = YES;
				ENABLE_TESTABILITY = YES;
				GCC_C_LANGUAGE_STANDARD = gnu11;
				GCC_DYNAMIC_NO_PIC = NO;
				GCC_NO_COMMON_BLOCKS = YES;
				GCC_OPTIMIZATION_LEVEL = 0;
				GCC_PREPROCESSOR_DEFINITIONS = (
					"DEBUG=1",
					"$(inherited)",
				);
				GCC_WARN_64_TO_32_BIT_CONVERSION = YES;
				GCC_WARN_ABOUT_RETURN_TYPE = YES_ERROR;
				GCC_WARN_UNDECLARED_SELECTOR = YES;
				GCC_WARN_UNINITIALIZED_AUTOS = YES_AGGRESSIVE;
				GCC_WARN_UNUSED_FUNCTION = YES;
				GCC_WARN_UNUSED_VARIABLE = YES;
				IPHONEOS_DEPLOYMENT_TARGET = 11.3;
				MTL_ENABLE_DEBUG_INFO = YES;
				ONLY_ACTIVE_ARCH = YES;
				SDKROOT = iphoneos;
				SWIFT_ACTIVE_COMPILATION_CONDITIONS = DEBUG;
				SWIFT_OPTIMIZATION_LEVEL = "-Onone";
			};
			name = Debug;
		};
		48588E5F20A779350099C7F0 /* Release */ = {
			isa = XCBuildConfiguration;
			buildSettings = {
				ALWAYS_SEARCH_USER_PATHS = NO;
				CLANG_ANALYZER_NONNULL = YES;
				CLANG_ANALYZER_NUMBER_OBJECT_CONVERSION = YES_AGGRESSIVE;
				CLANG_CXX_LANGUAGE_STANDARD = "gnu++14";
				CLANG_CXX_LIBRARY = "libc++";
				CLANG_ENABLE_MODULES = YES;
				CLANG_ENABLE_OBJC_ARC = YES;
				CLANG_ENABLE_OBJC_WEAK = YES;
				CLANG_WARN_BLOCK_CAPTURE_AUTORELEASING = YES;
				CLANG_WARN_BOOL_CONVERSION = YES;
				CLANG_WARN_COMMA = YES;
				CLANG_WARN_CONSTANT_CONVERSION = YES;
				CLANG_WARN_DEPRECATED_OBJC_IMPLEMENTATIONS = YES;
				CLANG_WARN_DIRECT_OBJC_ISA_USAGE = YES_ERROR;
				CLANG_WARN_DOCUMENTATION_COMMENTS = YES;
				CLANG_WARN_EMPTY_BODY = YES;
				CLANG_WARN_ENUM_CONVERSION = YES;
				CLANG_WARN_INFINITE_RECURSION = YES;
				CLANG_WARN_INT_CONVERSION = YES;
				CLANG_WARN_NON_LITERAL_NULL_CONVERSION = YES;
				CLANG_WARN_OBJC_IMPLICIT_RETAIN_SELF = YES;
				CLANG_WARN_OBJC_LITERAL_CONVERSION = YES;
				CLANG_WARN_OBJC_ROOT_CLASS = YES_ERROR;
				CLANG_WARN_RANGE_LOOP_ANALYSIS = YES;
				CLANG_WARN_STRICT_PROTOTYPES = YES;
				CLANG_WARN_SUSPICIOUS_MOVE = YES;
				CLANG_WARN_UNGUARDED_AVAILABILITY = YES_AGGRESSIVE;
				CLANG_WARN_UNREACHABLE_CODE = YES;
				CLANG_WARN__DUPLICATE_METHOD_MATCH = YES;
				CODE_SIGN_IDENTITY = "iPhone Developer";
				COPY_PHASE_STRIP = NO;
				DEBUG_INFORMATION_FORMAT = "dwarf-with-dsym";
				ENABLE_NS_ASSERTIONS = NO;
				ENABLE_STRICT_OBJC_MSGSEND = YES;
				GCC_C_LANGUAGE_STANDARD = gnu11;
				GCC_NO_COMMON_BLOCKS = YES;
				GCC_WARN_64_TO_32_BIT_CONVERSION = YES;
				GCC_WARN_ABOUT_RETURN_TYPE = YES_ERROR;
				GCC_WARN_UNDECLARED_SELECTOR = YES;
				GCC_WARN_UNINITIALIZED_AUTOS = YES_AGGRESSIVE;
				GCC_WARN_UNUSED_FUNCTION = YES;
				GCC_WARN_UNUSED_VARIABLE = YES;
				IPHONEOS_DEPLOYMENT_TARGET = 11.3;
				MTL_ENABLE_DEBUG_INFO = NO;
				SDKROOT = iphoneos;
				SWIFT_COMPILATION_MODE = wholemodule;
				SWIFT_OPTIMIZATION_LEVEL = "-O";
				VALIDATE_PRODUCT = YES;
			};
			name = Release;
		};
		48588E6120A779350099C7F0 /* Debug */ = {
			isa = XCBuildConfiguration;
			buildSettings = {
				ASSETCATALOG_COMPILER_APPICON_NAME = AppIcon;
				CODE_SIGN_STYLE = Automatic;
				DEVELOPMENT_TEAM = PEDVQ936L6;
				INFOPLIST_FILE = Info.plist;
				LD_RUNPATH_SEARCH_PATHS = (
					"$(inherited)",
					"@executable_path/Frameworks",
				);
				PRODUCT_BUNDLE_IDENTIFIER = com.edc0der.EMSlideMenu;
				PRODUCT_NAME = "$(TARGET_NAME)";
				SWIFT_VERSION = 4.0;
				TARGETED_DEVICE_FAMILY = 1;
			};
			name = Debug;
		};
		48588E6220A779350099C7F0 /* Release */ = {
			isa = XCBuildConfiguration;
			buildSettings = {
				ASSETCATALOG_COMPILER_APPICON_NAME = AppIcon;
				CODE_SIGN_STYLE = Automatic;
				DEVELOPMENT_TEAM = PEDVQ936L6;
				INFOPLIST_FILE = Info.plist;
				LD_RUNPATH_SEARCH_PATHS = (
					"$(inherited)",
					"@executable_path/Frameworks",
				);
				PRODUCT_BUNDLE_IDENTIFIER = com.edc0der.EMSlideMenu;
				PRODUCT_NAME = "$(TARGET_NAME)";
				SWIFT_VERSION = 4.0;
				TARGETED_DEVICE_FAMILY = 1;
			};
			name = Release;
		};
/* End XCBuildConfiguration section */

/* Begin XCConfigurationList section */
		48588E3E20A779330099C7F0 /* Build configuration list for PBXProject "EMSlideMenu" */ = {
			isa = XCConfigurationList;
			buildConfigurations = (
				48588E5E20A779350099C7F0 /* Debug */,
				48588E5F20A779350099C7F0 /* Release */,
			);
			defaultConfigurationIsVisible = 0;
			defaultConfigurationName = Release;
		};
		48588E6020A779350099C7F0 /* Build configuration list for PBXNativeTarget "EMSlideMenu" */ = {
			isa = XCConfigurationList;
			buildConfigurations = (
				48588E6120A779350099C7F0 /* Debug */,
				48588E6220A779350099C7F0 /* Release */,
			);
			defaultConfigurationIsVisible = 0;
			defaultConfigurationName = Release;
		};
/* End XCConfigurationList section */
	};
	rootObject = 48588E3B20A779330099C7F0 /* Project object */;
}
